{
  "name": "glaway-bi-model",
  "version": "0.0.5",
  "lockfileVersion": 1,
  "requires": true,
  "dependencies": {
    "@types/axios": {
      "version": "0.14.0",
      "resolved": "http://192.168.1.138:9999/repository/glaway-npm/@types/axios/-/axios-0.14.0.tgz",
      "integrity": "sha1-7CMA++fX3d1+udOr+HmZlkyvzkY=",
      "requires": {
        "axios": "*"
      }
    },
    "@types/echarts": {
      "version": "4.6.3",
      "resolved": "http://192.168.1.138:9999/repository/glaway-npm/@types/echarts/-/echarts-4.6.3.tgz",
      "integrity": "sha1-InszsQYgPOsspPpRdg9AZhjKqJo=",
      "requires": {
        "@types/zrender": "*"
      }
    },
    "@types/lodash": {
      "version": "4.14.157",
      "resolved": "http://192.168.1.138:9999/repository/glaway-npm/@types/lodash/-/lodash-4.14.157.tgz",
      "integrity": "sha1-/awcUkSIYd/eGi4VFdvEblSSbcg="
    },
    "@types/qs": {
      "version": "6.9.3",
      "resolved": "http://192.168.1.138:9999/repository/glaway-npm/@types/qs/-/qs-6.9.3.tgz",
      "integrity": "sha1-t1Wgk0VkogDT79+IVG7JPDaavQM="
    },
    "@types/zrender": {
      "version": "4.0.0",
      "resolved": "http://192.168.1.138:9999/repository/glaway-npm/@types/zrender/-/zrender-4.0.0.tgz",
      "integrity": "sha1-poBvEuxOzKrr2bDYFvBJrKYYj70="
    },
    "axios": {
      "version": "0.19.2",
      "resolved": "http://192.168.1.138:9999/repository/glaway-npm/axios/-/axios-0.19.2.tgz",
      "integrity": "sha1-PqNsXYgY0NX4qKl6bTa4bNwAyyc=",
      "requires": {
        "follow-redirects": "1.5.10"
      }
    },
    "debug": {
      "version": "3.1.0",
      "resolved": "http://192.168.1.138:9999/repository/glaway-npm/debug/-/debug-3.1.0.tgz",
      "integrity": "sha1-W7WgZyYotkFJVmuhaBnmFRjGcmE=",
      "requires": {
        "ms": "2.0.0"
      }
    },
    "follow-redirects": {
      "version": "1.5.10",
      "resolved": "http://192.168.1.138:9999/repository/glaway-npm/follow-redirects/-/follow-redirects-1.5.10.tgz",
      "integrity": "sha1-e3qfmuov3/NnhqlP9kPtB/T/Xio=",
      "requires": {
        "debug": "=3.1.0"
      }
    },
    "glaway-bi-util": {
      "version": "0.0.5",
      "resolved": "http://192.168.1.138:9999/repository/glaway-npm/glaway-bi-util/-/glaway-bi-util-0.0.5.tgz",
      "integrity": "sha512-EpxgDlNcFSYeU1AyiP3SW3yWMhRm23dV3a4wyPl1PSCE1CuNqIWAN+yHTBouZUcsI5rtw/0P0134Fhh3j2+Msg==",
      "requires": {
        "@types/axios": "^0.14.0",
        "@types/lodash": "^4.14.151",
        "@types/qs": "^6.9.3",
        "axios": "^0.19.2",
        "lodash": "^4.17.15",
        "qs": "^6.9.4"
      }
    },
    "lodash": {
      "version": "4.17.19",
      "resolved": "http://192.168.1.138:9999/repository/glaway-npm/lodash/-/lodash-4.17.19.tgz",
      "integrity": "sha1-5I3e2+MLMyF4PFtDAfvTU7weSks="
    },
    "ms": {
      "version": "2.0.0",
      "resolved": "http://192.168.1.138:9999/repository/glaway-npm/ms/-/ms-2.0.0.tgz",
      "integrity": "sha1-VgiurfwAvmwpAd9fmGF4jeDVl8g="
    },
    "qs": {
      "version": "6.9.4",
      "resolved": "http://192.168.1.138:9999/repository/glaway-npm/qs/-/qs-6.9.4.tgz",
      "integrity": "sha1-kJCykNH5FyjTwi5UhDykSupatoc="
    }
  }
}
