{
  "name": "glaway-bi-util",
  "version": "0.0.5",
  "lockfileVersion": 1,
  "requires": true,
  "dependencies": {
    "@types/lodash": {
      "version": "4.14.151",
      "resolved": "http://192.168.1.138:9999/repository/glaway-npm/@types/lodash/-/lodash-4.14.151.tgz",
      "integrity": "sha1-fVjKwyvtsOw3y3+ZCUoWfWF2ydU=",
      "dev": true
    },
    "axios": {
      "version": "0.19.2",
      "resolved": "http://192.168.1.138:9999/repository/glaway-npm/axios/-/axios-0.19.2.tgz",
      "integrity": "sha1-PqNsXYgY0NX4qKl6bTa4bNwAyyc=",
      "requires": {
        "follow-redirects": "1.5.10"
      }
    },
    "debug": {
      "version": "3.1.0",
      "resolved": "http://192.168.1.138:9999/repository/glaway-npm/debug/-/debug-3.1.0.tgz",
      "integrity": "sha1-W7WgZyYotkFJVmuhaBnmFRjGcmE=",
      "requires": {
        "ms": "2.0.0"
      }
    },
    "follow-redirects": {
      "version": "1.5.10",
      "resolved": "http://192.168.1.138:9999/repository/glaway-npm/follow-redirects/-/follow-redirects-1.5.10.tgz",
      "integrity": "sha1-e3qfmuov3/NnhqlP9kPtB/T/Xio=",
      "requires": {
        "debug": "=3.1.0"
      }
    },
    "lodash": {
      "version": "4.17.15",
      "resolved": "http://192.168.1.138:9999/repository/glaway-npm/lodash/-/lodash-4.17.15.tgz",
      "integrity": "sha1-tEf2ZwoEVbv+7dETku/zMOoJdUg="
    },
    "ms": {
      "version": "2.0.0",
      "resolved": "http://192.168.1.138:9999/repository/glaway-npm/ms/-/ms-2.0.0.tgz",
      "integrity": "sha1-VgiurfwAvmwpAd9fmGF4jeDVl8g="
    },
    "qs": {
      "version": "6.9.4",
      "resolved": "http://192.168.1.138:9999/repository/glaway-npm/qs/-/qs-6.9.4.tgz",
      "integrity": "sha1-kJCykNH5FyjTwi5UhDykSupatoc="
    }
  }
}
